
Microsoft Visual Studio Solution File, Format Version 12.00
# Visual Studio 2012
Project("{f2a71f9b-5d33-465a-a702-920d77279786}") = "Milekic.YoLo", "src\Milekic.YoLo\Milekic.YoLo.fsproj", "{7515B262-5782-4229-8525-D779F4D74963}"
EndProject
Global
	GlobalSection(SolutionConfigurationPlatforms) = preSolution
		Debug|Any CPU = Debug|Any CPU
		Release|Any CPU = Release|Any CPU
	EndGlobalSection
	GlobalSection(ProjectConfigurationPlatforms) = postSolution
		{7515B262-5782-4229-8525-D779F4D74963}.Debug|Any CPU.ActiveCfg = Debug|Any CPU
		{7515B262-5782-4229-8525-D779F4D74963}.Debug|Any CPU.Build.0 = Debug|Any CPU
		{7515B262-5782-4229-8525-D779F4D74963}.Release|Any CPU.ActiveCfg = Release|Any CPU
		{7515B262-5782-4229-8525-D779F4D74963}.Release|Any CPU.Build.0 = Release|Any CPU
	EndGlobalSection
EndGlobal
